
Microsoft Visual Studio Solution File, Format Version 12.00
# Visual Studio Version 16
VisualStudioVersion = 16.0.31105.61
MinimumVisualStudioVersion = 10.0.40219.1
Project("{FAE04EC0-301F-11D3-BF4B-00C04F79EFBC}") = "Calculadora", "Calculadora\Calculadora.csproj", "{2A87DBC7-F2D7-4D2E-8666-CE0143C902EB}"
EndProject
Global
	GlobalSection(SolutionConfigurationPlatforms) = preSolution
		Debug|Any CPU = Debug|Any CPU
		Release|Any CPU = Release|Any CPU
	EndGlobalSection
	GlobalSection(ProjectConfigurationPlatforms) = postSolution
		{2A87DBC7-F2D7-4D2E-8666-CE0143C902EB}.Debug|Any CPU.ActiveCfg = Debug|Any CPU
		{2A87DBC7-F2D7-4D2E-8666-CE0143C902EB}.Debug|Any CPU.Build.0 = Debug|Any CPU
		{2A87DBC7-F2D7-4D2E-8666-CE0143C902EB}.Release|Any CPU.ActiveCfg = Release|Any CPU
		{2A87DBC7-F2D7-4D2E-8666-CE0143C902EB}.Release|Any CPU.Build.0 = Release|Any CPU
	EndGlobalSection
	GlobalSection(SolutionProperties) = preSolution
		HideSolutionNode = FALSE
	EndGlobalSection
	GlobalSection(ExtensibilityGlobals) = postSolution
		SolutionGuid = {BB552E2E-5185-4188-9085-653E6A6014C2}
	EndGlobalSection
EndGlobal
